
Microsoft Visual Studio Solution File, Format Version 12.00
# Visual Studio Version 17
VisualStudioVersion = 17.6.33723.286
MinimumVisualStudioVersion = 10.0.40219.1
Project("{9A19103F-16F7-4668-BE54-9A1E7A4F7556}") = "CodingGameSpringChallenge2023", "CodingGameSpringChallenge2023.csproj", "{B45C9075-4203-495E-801F-52C7F2C7EB15}"
EndProject
Project("{9A19103F-16F7-4668-BE54-9A1E7A4F7556}") = "SpringChallenge.Core", "..\SpringChallenge.Core\SpringChallenge.Core.csproj", "{A231493B-F560-4C1A-8ADE-DD819B6A25B5}"
EndProject
Project("{2150E333-8FDC-42A3-9474-1A3956D46DE8}") = "Puzzles", "Puzzles", "{DAA7389D-37EC-4266-8D35-C1C8A14838F9}"
EndProject
Project("{FAE04EC0-301F-11D3-BF4B-00C04F79EFBC}") = "PowerOfThorEpisode1", "..\..\Puzzles\PowerOfThorEpisode1\PowerOfThorEpisode1.csproj", "{02034923-2D54-456A-A213-B57D3A647161}"
EndProject
Project("{FAE04EC0-301F-11D3-BF4B-00C04F79EFBC}") = "CodingGames.Core", "..\..\CodingGames.Core\CodingGames.Core.csproj", "{BF2AB6FB-AD8F-454B-A87E-C1823C5475B1}"
EndProject
Project("{2150E333-8FDC-42A3-9474-1A3956D46DE8}") = "Challenges", "Challenges", "{664BDE18-3FAA-4CE5-BD0F-F0F949FE1355}"
EndProject
Project("{2150E333-8FDC-42A3-9474-1A3956D46DE8}") = "PowerOfThor", "PowerOfThor", "{87D996D9-D3C7-4360-AD52-B33F384F0BFF}"
EndProject
Project("{2150E333-8FDC-42A3-9474-1A3956D46DE8}") = "Episode1", "Episode1", "{29931C81-D5DD-49EF-BCB3-880CC0AD7F66}"
EndProject
Project("{FAE04EC0-301F-11D3-BF4B-00C04F79EFBC}") = "PowerOfThor.Core", "..\..\Puzzles\PowerOfThor.Core\PowerOfThor.Core.csproj", "{03CC8051-B7A7-4F05-A592-2518C9117A2D}"
EndProject
Global
	GlobalSection(SolutionConfigurationPlatforms) = preSolution
		Debug|Any CPU = Debug|Any CPU
		Release|Any CPU = Release|Any CPU
	EndGlobalSection
	GlobalSection(ProjectConfigurationPlatforms) = postSolution
		{B45C9075-4203-495E-801F-52C7F2C7EB15}.Debug|Any CPU.ActiveCfg = Debug|Any CPU
		{B45C9075-4203-495E-801F-52C7F2C7EB15}.Debug|Any CPU.Build.0 = Debug|Any CPU
		{B45C9075-4203-495E-801F-52C7F2C7EB15}.Release|Any CPU.ActiveCfg = Release|Any CPU
		{B45C9075-4203-495E-801F-52C7F2C7EB15}.Release|Any CPU.Build.0 = Release|Any CPU
		{A231493B-F560-4C1A-8ADE-DD819B6A25B5}.Debug|Any CPU.ActiveCfg = Debug|Any CPU
		{A231493B-F560-4C1A-8ADE-DD819B6A25B5}.Debug|Any CPU.Build.0 = Debug|Any CPU
		{A231493B-F560-4C1A-8ADE-DD819B6A25B5}.Release|Any CPU.ActiveCfg = Release|Any CPU
		{A231493B-F560-4C1A-8ADE-DD819B6A25B5}.Release|Any CPU.Build.0 = Release|Any CPU
		{02034923-2D54-456A-A213-B57D3A647161}.Debug|Any CPU.ActiveCfg = Debug|Any CPU
		{02034923-2D54-456A-A213-B57D3A647161}.Debug|Any CPU.Build.0 = Debug|Any CPU
		{02034923-2D54-456A-A213-B57D3A647161}.Release|Any CPU.ActiveCfg = Release|Any CPU
		{02034923-2D54-456A-A213-B57D3A647161}.Release|Any CPU.Build.0 = Release|Any CPU
		{BF2AB6FB-AD8F-454B-A87E-C1823C5475B1}.Debug|Any CPU.ActiveCfg = Debug|Any CPU
		{BF2AB6FB-AD8F-454B-A87E-C1823C5475B1}.Debug|Any CPU.Build.0 = Debug|Any CPU
		{BF2AB6FB-AD8F-454B-A87E-C1823C5475B1}.Release|Any CPU.ActiveCfg = Release|Any CPU
		{BF2AB6FB-AD8F-454B-A87E-C1823C5475B1}.Release|Any CPU.Build.0 = Release|Any CPU
		{03CC8051-B7A7-4F05-A592-2518C9117A2D}.Debug|Any CPU.ActiveCfg = Debug|Any CPU
		{03CC8051-B7A7-4F05-A592-2518C9117A2D}.Debug|Any CPU.Build.0 = Debug|Any CPU
		{03CC8051-B7A7-4F05-A592-2518C9117A2D}.Release|Any CPU.ActiveCfg = Release|Any CPU
		{03CC8051-B7A7-4F05-A592-2518C9117A2D}.Release|Any CPU.Build.0 = Release|Any CPU
	EndGlobalSection
	GlobalSection(SolutionProperties) = preSolution
		HideSolutionNode = FALSE
	EndGlobalSection
	GlobalSection(NestedProjects) = preSolution
		{A231493B-F560-4C1A-8ADE-DD819B6A25B5} = {664BDE18-3FAA-4CE5-BD0F-F0F949FE1355}
		{02034923-2D54-456A-A213-B57D3A647161} = {29931C81-D5DD-49EF-BCB3-880CC0AD7F66}
		{87D996D9-D3C7-4360-AD52-B33F384F0BFF} = {DAA7389D-37EC-4266-8D35-C1C8A14838F9}
		{29931C81-D5DD-49EF-BCB3-880CC0AD7F66} = {87D996D9-D3C7-4360-AD52-B33F384F0BFF}
		{03CC8051-B7A7-4F05-A592-2518C9117A2D} = {87D996D9-D3C7-4360-AD52-B33F384F0BFF}
	EndGlobalSection
	GlobalSection(ExtensibilityGlobals) = postSolution
		SolutionGuid = {662BDAFD-5DDA-4227-A270-9C51AD81E42F}
	EndGlobalSection
EndGlobal
